
Microsoft Visual Studio Solution File, Format Version 11.00
# Visual Studio 2010
Project("{FAE04EC0-301F-11D3-BF4B-00C04F79EFBC}") = "SharpGsDemo", "SharpGsDemo\SharpGsDemo.csproj", "{F2CEF262-27AD-4846-9819-7952D0242303}"
EndProject
Project("{FAE04EC0-301F-11D3-BF4B-00C04F79EFBC}") = "SharpGs", "SharpGs\SharpGs.csproj", "{A7E3542B-83AD-4395-84B3-442AF30AEAC6}"
EndProject
Global
	GlobalSection(SolutionConfigurationPlatforms) = preSolution
		Debug|Any CPU = Debug|Any CPU
		Debug|Mixed Platforms = Debug|Mixed Platforms
		Debug|x86 = Debug|x86
		Release|Any CPU = Release|Any CPU
		Release|Mixed Platforms = Release|Mixed Platforms
		Release|x86 = Release|x86
	EndGlobalSection
	GlobalSection(ProjectConfigurationPlatforms) = postSolution
		{F2CEF262-27AD-4846-9819-7952D0242303}.Debug|Any CPU.ActiveCfg = Debug|x86
		{F2CEF262-27AD-4846-9819-7952D0242303}.Debug|Mixed Platforms.ActiveCfg = Debug|x86
		{F2CEF262-27AD-4846-9819-7952D0242303}.Debug|Mixed Platforms.Build.0 = Debug|x86
		{F2CEF262-27AD-4846-9819-7952D0242303}.Debug|x86.ActiveCfg = Debug|x86
		{F2CEF262-27AD-4846-9819-7952D0242303}.Debug|x86.Build.0 = Debug|x86
		{F2CEF262-27AD-4846-9819-7952D0242303}.Release|Any CPU.ActiveCfg = Release|x86
		{F2CEF262-27AD-4846-9819-7952D0242303}.Release|Mixed Platforms.ActiveCfg = Release|x86
		{F2CEF262-27AD-4846-9819-7952D0242303}.Release|Mixed Platforms.Build.0 = Release|x86
		{F2CEF262-27AD-4846-9819-7952D0242303}.Release|x86.ActiveCfg = Release|x86
		{F2CEF262-27AD-4846-9819-7952D0242303}.Release|x86.Build.0 = Release|x86
		{A7E3542B-83AD-4395-84B3-442AF30AEAC6}.Debug|Any CPU.ActiveCfg = Debug|Any CPU
		{A7E3542B-83AD-4395-84B3-442AF30AEAC6}.Debug|Any CPU.Build.0 = Debug|Any CPU
		{A7E3542B-83AD-4395-84B3-442AF30AEAC6}.Debug|Mixed Platforms.ActiveCfg = Debug|Any CPU
		{A7E3542B-83AD-4395-84B3-442AF30AEAC6}.Debug|Mixed Platforms.Build.0 = Debug|Any CPU
		{A7E3542B-83AD-4395-84B3-442AF30AEAC6}.Debug|x86.ActiveCfg = Debug|Any CPU
		{A7E3542B-83AD-4395-84B3-442AF30AEAC6}.Release|Any CPU.ActiveCfg = Release|Any CPU
		{A7E3542B-83AD-4395-84B3-442AF30AEAC6}.Release|Any CPU.Build.0 = Release|Any CPU
		{A7E3542B-83AD-4395-84B3-442AF30AEAC6}.Release|Mixed Platforms.ActiveCfg = Release|Any CPU
		{A7E3542B-83AD-4395-84B3-442AF30AEAC6}.Release|Mixed Platforms.Build.0 = Release|Any CPU
		{A7E3542B-83AD-4395-84B3-442AF30AEAC6}.Release|x86.ActiveCfg = Release|Any CPU
	EndGlobalSection
	GlobalSection(SolutionProperties) = preSolution
		HideSolutionNode = FALSE
	EndGlobalSection
EndGlobal
